
Microsoft Visual Studio Solution File, Format Version 12.00
# Visual Studio Version 17
VisualStudioVersion = 17.10.35027.167
MinimumVisualStudioVersion = 10.0.40219.1
Project("{FAE04EC0-301F-11D3-BF4B-00C04F79EFBC}") = "SaleWebMvc", "SaleWebMvc\SaleWebMvc.csproj", "{458789FB-3807-4757-870B-32BBAE3E9294}"
EndProject
Global
	GlobalSection(SolutionConfigurationPlatforms) = preSolution
		Debug|Any CPU = Debug|Any CPU
		Release|Any CPU = Release|Any CPU
	EndGlobalSection
	GlobalSection(ProjectConfigurationPlatforms) = postSolution
		{458789FB-3807-4757-870B-32BBAE3E9294}.Debug|Any CPU.ActiveCfg = Debug|Any CPU
		{458789FB-3807-4757-870B-32BBAE3E9294}.Debug|Any CPU.Build.0 = Debug|Any CPU
		{458789FB-3807-4757-870B-32BBAE3E9294}.Release|Any CPU.ActiveCfg = Release|Any CPU
		{458789FB-3807-4757-870B-32BBAE3E9294}.Release|Any CPU.Build.0 = Release|Any CPU
	EndGlobalSection
	GlobalSection(SolutionProperties) = preSolution
		HideSolutionNode = FALSE
	EndGlobalSection
	GlobalSection(ExtensibilityGlobals) = postSolution
		SolutionGuid = {F977DF5A-8F34-4524-92A2-67A6F460974A}
	EndGlobalSection
EndGlobal
